
Microsoft Visual Studio Solution File, Format Version 12.00
# Visual Studio 15
VisualStudioVersion = 15.0.28307.1231
MinimumVisualStudioVersion = 10.0.40219.1
Project("{FAE04EC0-301F-11D3-BF4B-00C04F79EFBC}") = "NewsFeed", "NewsFeed\NewsFeed.csproj", "{26AC0055-F167-49C0-89A0-06F4BBC1CC5E}"
EndProject
Global
	GlobalSection(SolutionConfigurationPlatforms) = preSolution
		Debug|Any CPU = Debug|Any CPU
		Release|Any CPU = Release|Any CPU
	EndGlobalSection
	GlobalSection(ProjectConfigurationPlatforms) = postSolution
		{26AC0055-F167-49C0-89A0-06F4BBC1CC5E}.Debug|Any CPU.ActiveCfg = Debug|Any CPU
		{26AC0055-F167-49C0-89A0-06F4BBC1CC5E}.Debug|Any CPU.Build.0 = Debug|Any CPU
		{26AC0055-F167-49C0-89A0-06F4BBC1CC5E}.Release|Any CPU.ActiveCfg = Release|Any CPU
		{26AC0055-F167-49C0-89A0-06F4BBC1CC5E}.Release|Any CPU.Build.0 = Release|Any CPU
	EndGlobalSection
	GlobalSection(SolutionProperties) = preSolution
		HideSolutionNode = FALSE
	EndGlobalSection
	GlobalSection(ExtensibilityGlobals) = postSolution
		SolutionGuid = {A5BFC678-FE10-4D6D-82CC-E0F76B4A99E4}
	EndGlobalSection
EndGlobal
